
Microsoft Visual Studio Solution File, Format Version 12.00
# Visual Studio Version 17
VisualStudioVersion = 17.14.36603.0 d17.14
MinimumVisualStudioVersion = 10.0.40219.1
Project("{FAE04EC0-301F-11D3-BF4B-00C04F79EFBC}") = "JOB_PORTAL_Exercise", "JOB_PORTAL_Exercise\JOB_PORTAL_Exercise.csproj", "{E89C10F4-C30E-4399-BE78-312F3D20270C}"
EndProject
Global
	GlobalSection(SolutionConfigurationPlatforms) = preSolution
		Debug|Any CPU = Debug|Any CPU
		Release|Any CPU = Release|Any CPU
	EndGlobalSection
	GlobalSection(ProjectConfigurationPlatforms) = postSolution
		{E89C10F4-C30E-4399-BE78-312F3D20270C}.Debug|Any CPU.ActiveCfg = Debug|Any CPU
		{E89C10F4-C30E-4399-BE78-312F3D20270C}.Debug|Any CPU.Build.0 = Debug|Any CPU
		{E89C10F4-C30E-4399-BE78-312F3D20270C}.Release|Any CPU.ActiveCfg = Release|Any CPU
		{E89C10F4-C30E-4399-BE78-312F3D20270C}.Release|Any CPU.Build.0 = Release|Any CPU
	EndGlobalSection
	GlobalSection(SolutionProperties) = preSolution
		HideSolutionNode = FALSE
	EndGlobalSection
	GlobalSection(ExtensibilityGlobals) = postSolution
		SolutionGuid = {D9626103-BE00-4FE2-B2BC-FAFEF1ABB0C4}
	EndGlobalSection
EndGlobal
