
Microsoft Visual Studio Solution File, Format Version 12.00
# Visual Studio Version 17
VisualStudioVersion = 17.14.36603.0 d17.14
MinimumVisualStudioVersion = 10.0.40219.1
Project("{FAE04EC0-301F-11D3-BF4B-00C04F79EFBC}") = "CollectionLINQ", "CollectionLINQ.csproj", "{A47509A4-F99C-43F8-A638-FFC163B9C3EE}"
EndProject
Global
	GlobalSection(SolutionConfigurationPlatforms) = preSolution
		Debug|Any CPU = Debug|Any CPU
		Release|Any CPU = Release|Any CPU
	EndGlobalSection
	GlobalSection(ProjectConfigurationPlatforms) = postSolution
		{A47509A4-F99C-43F8-A638-FFC163B9C3EE}.Debug|Any CPU.ActiveCfg = Debug|Any CPU
		{A47509A4-F99C-43F8-A638-FFC163B9C3EE}.Debug|Any CPU.Build.0 = Debug|Any CPU
		{A47509A4-F99C-43F8-A638-FFC163B9C3EE}.Release|Any CPU.ActiveCfg = Release|Any CPU
		{A47509A4-F99C-43F8-A638-FFC163B9C3EE}.Release|Any CPU.Build.0 = Release|Any CPU
	EndGlobalSection
	GlobalSection(SolutionProperties) = preSolution
		HideSolutionNode = FALSE
	EndGlobalSection
	GlobalSection(ExtensibilityGlobals) = postSolution
		SolutionGuid = {7210D89D-CF28-4F6A-A67C-514F292ADD62}
	EndGlobalSection
EndGlobal
