
Microsoft Visual Studio Solution File, Format Version 12.00
# Visual Studio Version 17
VisualStudioVersion = 17.14.36616.10 d17.14
MinimumVisualStudioVersion = 10.0.40219.1
Project("{FAE04EC0-301F-11D3-BF4B-00C04F79EFBC}") = "movie", "movie\movie.csproj", "{F8A84883-E90E-4AFD-A283-E7B48E7D341C}"
EndProject
Global
	GlobalSection(SolutionConfigurationPlatforms) = preSolution
		Debug|Any CPU = Debug|Any CPU
		Release|Any CPU = Release|Any CPU
	EndGlobalSection
	GlobalSection(ProjectConfigurationPlatforms) = postSolution
		{F8A84883-E90E-4AFD-A283-E7B48E7D341C}.Debug|Any CPU.ActiveCfg = Debug|Any CPU
		{F8A84883-E90E-4AFD-A283-E7B48E7D341C}.Debug|Any CPU.Build.0 = Debug|Any CPU
		{F8A84883-E90E-4AFD-A283-E7B48E7D341C}.Release|Any CPU.ActiveCfg = Release|Any CPU
		{F8A84883-E90E-4AFD-A283-E7B48E7D341C}.Release|Any CPU.Build.0 = Release|Any CPU
	EndGlobalSection
	GlobalSection(SolutionProperties) = preSolution
		HideSolutionNode = FALSE
	EndGlobalSection
	GlobalSection(ExtensibilityGlobals) = postSolution
		SolutionGuid = {7B788F11-4D51-429A-9DC3-23748C7280DB}
	EndGlobalSection
EndGlobal
