
Microsoft Visual Studio Solution File, Format Version 12.00
# Visual Studio Version 17
VisualStudioVersion = 17.14.36603.0 d17.14
MinimumVisualStudioVersion = 10.0.40219.1
Project("{FAE04EC0-301F-11D3-BF4B-00C04F79EFBC}") = "machine test", "machine test.csproj", "{A0AE0CC8-7FC2-4B0C-8A6E-F308E70EB667}"
EndProject
Global
	GlobalSection(SolutionConfigurationPlatforms) = preSolution
		Debug|Any CPU = Debug|Any CPU
		Release|Any CPU = Release|Any CPU
	EndGlobalSection
	GlobalSection(ProjectConfigurationPlatforms) = postSolution
		{A0AE0CC8-7FC2-4B0C-8A6E-F308E70EB667}.Debug|Any CPU.ActiveCfg = Debug|Any CPU
		{A0AE0CC8-7FC2-4B0C-8A6E-F308E70EB667}.Debug|Any CPU.Build.0 = Debug|Any CPU
		{A0AE0CC8-7FC2-4B0C-8A6E-F308E70EB667}.Release|Any CPU.ActiveCfg = Release|Any CPU
		{A0AE0CC8-7FC2-4B0C-8A6E-F308E70EB667}.Release|Any CPU.Build.0 = Release|Any CPU
	EndGlobalSection
	GlobalSection(SolutionProperties) = preSolution
		HideSolutionNode = FALSE
	EndGlobalSection
	GlobalSection(ExtensibilityGlobals) = postSolution
		SolutionGuid = {D8FF2DB8-D801-49C9-BD81-2F639C5F1D94}
	EndGlobalSection
EndGlobal
