
Microsoft Visual Studio Solution File, Format Version 12.00
# Visual Studio Version 17
VisualStudioVersion = 17.14.36603.0 d17.14
MinimumVisualStudioVersion = 10.0.40219.1
Project("{FAE04EC0-301F-11D3-BF4B-00C04F79EFBC}") = "HiringManagementExercise", "HiringManagementExercise\HiringManagementExercise.csproj", "{67A8754D-4E61-41E1-A1C6-179DF8024AEA}"
EndProject
Global
	GlobalSection(SolutionConfigurationPlatforms) = preSolution
		Debug|Any CPU = Debug|Any CPU
		Release|Any CPU = Release|Any CPU
	EndGlobalSection
	GlobalSection(ProjectConfigurationPlatforms) = postSolution
		{67A8754D-4E61-41E1-A1C6-179DF8024AEA}.Debug|Any CPU.ActiveCfg = Debug|Any CPU
		{67A8754D-4E61-41E1-A1C6-179DF8024AEA}.Debug|Any CPU.Build.0 = Debug|Any CPU
		{67A8754D-4E61-41E1-A1C6-179DF8024AEA}.Release|Any CPU.ActiveCfg = Release|Any CPU
		{67A8754D-4E61-41E1-A1C6-179DF8024AEA}.Release|Any CPU.Build.0 = Release|Any CPU
	EndGlobalSection
	GlobalSection(SolutionProperties) = preSolution
		HideSolutionNode = FALSE
	EndGlobalSection
	GlobalSection(ExtensibilityGlobals) = postSolution
		SolutionGuid = {BEFE5C0E-BF02-4BD9-B700-44A60C30B581}
	EndGlobalSection
EndGlobal
