
Microsoft Visual Studio Solution File, Format Version 12.00
# Visual Studio Version 17
VisualStudioVersion = 17.14.36616.10 d17.14
MinimumVisualStudioVersion = 10.0.40219.1
Project("{FAE04EC0-301F-11D3-BF4B-00C04F79EFBC}") = "MyFirstproject", "MyFirstproject\MyFirstproject.csproj", "{4D2911A2-B77C-4900-AF5A-168682C4F42C}"
EndProject
Global
	GlobalSection(SolutionConfigurationPlatforms) = preSolution
		Debug|Any CPU = Debug|Any CPU
		Release|Any CPU = Release|Any CPU
	EndGlobalSection
	GlobalSection(ProjectConfigurationPlatforms) = postSolution
		{4D2911A2-B77C-4900-AF5A-168682C4F42C}.Debug|Any CPU.ActiveCfg = Debug|Any CPU
		{4D2911A2-B77C-4900-AF5A-168682C4F42C}.Debug|Any CPU.Build.0 = Debug|Any CPU
		{4D2911A2-B77C-4900-AF5A-168682C4F42C}.Release|Any CPU.ActiveCfg = Release|Any CPU
		{4D2911A2-B77C-4900-AF5A-168682C4F42C}.Release|Any CPU.Build.0 = Release|Any CPU
	EndGlobalSection
	GlobalSection(SolutionProperties) = preSolution
		HideSolutionNode = FALSE
	EndGlobalSection
	GlobalSection(ExtensibilityGlobals) = postSolution
		SolutionGuid = {2BB55546-F27E-4F71-8F2E-C83C480E935F}
	EndGlobalSection
EndGlobal
