
Microsoft Visual Studio Solution File, Format Version 12.00
# Visual Studio Version 17
VisualStudioVersion = 17.14.36616.10
MinimumVisualStudioVersion = 10.0.40219.1
Project("{FAE04EC0-301F-11D3-BF4B-00C04F79EFBC}") = "WorkshopCollection", "WorkshopCollection\WorkshopCollection.csproj", "{496F36FF-2CAB-4775-987E-31CF533ED0B3}"
EndProject
Project("{FAE04EC0-301F-11D3-BF4B-00C04F79EFBC}") = "Exercisee", "Exercisee\Exercisee.csproj", "{FBACEAF7-A4BA-4D15-AAFC-A2780409E60F}"
EndProject
Project("{FAE04EC0-301F-11D3-BF4B-00C04F79EFBC}") = "Exericseee", "Exericseee\Exericseee.csproj", "{CACF3700-7B25-4BE9-98A2-0FB93FD0DD04}"
EndProject
Global
	GlobalSection(SolutionConfigurationPlatforms) = preSolution
		Debug|Any CPU = Debug|Any CPU
		Release|Any CPU = Release|Any CPU
	EndGlobalSection
	GlobalSection(ProjectConfigurationPlatforms) = postSolution
		{496F36FF-2CAB-4775-987E-31CF533ED0B3}.Debug|Any CPU.ActiveCfg = Debug|Any CPU
		{496F36FF-2CAB-4775-987E-31CF533ED0B3}.Debug|Any CPU.Build.0 = Debug|Any CPU
		{496F36FF-2CAB-4775-987E-31CF533ED0B3}.Release|Any CPU.ActiveCfg = Release|Any CPU
		{496F36FF-2CAB-4775-987E-31CF533ED0B3}.Release|Any CPU.Build.0 = Release|Any CPU
		{FBACEAF7-A4BA-4D15-AAFC-A2780409E60F}.Debug|Any CPU.ActiveCfg = Debug|Any CPU
		{FBACEAF7-A4BA-4D15-AAFC-A2780409E60F}.Debug|Any CPU.Build.0 = Debug|Any CPU
		{FBACEAF7-A4BA-4D15-AAFC-A2780409E60F}.Release|Any CPU.ActiveCfg = Release|Any CPU
		{FBACEAF7-A4BA-4D15-AAFC-A2780409E60F}.Release|Any CPU.Build.0 = Release|Any CPU
		{CACF3700-7B25-4BE9-98A2-0FB93FD0DD04}.Debug|Any CPU.ActiveCfg = Debug|Any CPU
		{CACF3700-7B25-4BE9-98A2-0FB93FD0DD04}.Debug|Any CPU.Build.0 = Debug|Any CPU
		{CACF3700-7B25-4BE9-98A2-0FB93FD0DD04}.Release|Any CPU.ActiveCfg = Release|Any CPU
		{CACF3700-7B25-4BE9-98A2-0FB93FD0DD04}.Release|Any CPU.Build.0 = Release|Any CPU
	EndGlobalSection
	GlobalSection(SolutionProperties) = preSolution
		HideSolutionNode = FALSE
	EndGlobalSection
	GlobalSection(ExtensibilityGlobals) = postSolution
		SolutionGuid = {510FCACB-CDA3-4944-956B-0CEBC3FC49F7}
	EndGlobalSection
EndGlobal
