
Microsoft Visual Studio Solution File, Format Version 12.00
# Visual Studio Version 17
VisualStudioVersion = 17.14.36616.10 d17.14
MinimumVisualStudioVersion = 10.0.40219.1
Project("{FAE04EC0-301F-11D3-BF4B-00C04F79EFBC}") = "Movies", "Movies\Movies.csproj", "{415E6A63-BB15-4AAA-A9A8-4FBC3C0D3C56}"
EndProject
Global
	GlobalSection(SolutionConfigurationPlatforms) = preSolution
		Debug|Any CPU = Debug|Any CPU
		Release|Any CPU = Release|Any CPU
	EndGlobalSection
	GlobalSection(ProjectConfigurationPlatforms) = postSolution
		{415E6A63-BB15-4AAA-A9A8-4FBC3C0D3C56}.Debug|Any CPU.ActiveCfg = Debug|Any CPU
		{415E6A63-BB15-4AAA-A9A8-4FBC3C0D3C56}.Debug|Any CPU.Build.0 = Debug|Any CPU
		{415E6A63-BB15-4AAA-A9A8-4FBC3C0D3C56}.Release|Any CPU.ActiveCfg = Release|Any CPU
		{415E6A63-BB15-4AAA-A9A8-4FBC3C0D3C56}.Release|Any CPU.Build.0 = Release|Any CPU
	EndGlobalSection
	GlobalSection(SolutionProperties) = preSolution
		HideSolutionNode = FALSE
	EndGlobalSection
	GlobalSection(ExtensibilityGlobals) = postSolution
		SolutionGuid = {A1D7204C-15FB-4F75-9F87-B397DD12A399}
	EndGlobalSection
EndGlobal
