
Microsoft Visual Studio Solution File, Format Version 12.00
# Visual Studio Version 17
VisualStudioVersion = 17.14.36603.0 d17.14
MinimumVisualStudioVersion = 10.0.40219.1
Project("{FAE04EC0-301F-11D3-BF4B-00C04F79EFBC}") = "Linqexample", "Linqexample\Linqexample.csproj", "{1CE6C101-704E-46E6-BD96-05A7DF3D892F}"
EndProject
Global
	GlobalSection(SolutionConfigurationPlatforms) = preSolution
		Debug|Any CPU = Debug|Any CPU
		Release|Any CPU = Release|Any CPU
	EndGlobalSection
	GlobalSection(ProjectConfigurationPlatforms) = postSolution
		{1CE6C101-704E-46E6-BD96-05A7DF3D892F}.Debug|Any CPU.ActiveCfg = Debug|Any CPU
		{1CE6C101-704E-46E6-BD96-05A7DF3D892F}.Debug|Any CPU.Build.0 = Debug|Any CPU
		{1CE6C101-704E-46E6-BD96-05A7DF3D892F}.Release|Any CPU.ActiveCfg = Release|Any CPU
		{1CE6C101-704E-46E6-BD96-05A7DF3D892F}.Release|Any CPU.Build.0 = Release|Any CPU
	EndGlobalSection
	GlobalSection(SolutionProperties) = preSolution
		HideSolutionNode = FALSE
	EndGlobalSection
	GlobalSection(ExtensibilityGlobals) = postSolution
		SolutionGuid = {D09FDCA6-B689-4460-AFFA-07B54F4C820B}
	EndGlobalSection
EndGlobal
